// !$*UTF8*$!
{
	archiveVersion = 1;
	classes = {
	};
	objectVersion = 56;
	objects = {

/* Begin PBXBuildFile section */
		0438328C28F95067003E863A /* FormModel.swift in Sources */ = {isa = PBXBuildFile; fileRef = 0438328B28F95067003E863A /* FormModel.swift */; };
		04736DC328E9AF7D00028015 /* AppDelegate.swift in Sources */ = {isa = PBXBuildFile; fileRef = 04736DC228E9AF7D00028015 /* AppDelegate.swift */; };
		04736DC528E9AF7D00028015 /* SceneDelegate.swift in Sources */ = {isa = PBXBuildFile; fileRef = 04736DC428E9AF7D00028015 /* SceneDelegate.swift */; };
		04736DC728E9AF7D00028015 /* ViewController.swift in Sources */ = {isa = PBXBuildFile; fileRef = 04736DC628E9AF7D00028015 /* ViewController.swift */; };
		04736DCA28E9AF7D00028015 /* Main.storyboard in Resources */ = {isa = PBXBuildFile; fileRef = 04736DC828E9AF7D00028015 /* Main.storyboard */; };
		04736DCC28E9AF8000028015 /* Assets.xcassets in Resources */ = {isa = PBXBuildFile; fileRef = 04736DCB28E9AF8000028015 /* Assets.xcassets */; };
		04736DCF28E9AF8000028015 /* LaunchScreen.storyboard in Resources */ = {isa = PBXBuildFile; fileRef = 04736DCD28E9AF8000028015 /* LaunchScreen.storyboard */; };
		04736DDA28E9B03E00028015 /* GithubUser.swift in Sources */ = {isa = PBXBuildFile; fileRef = 04736DD928E9B03E00028015 /* GithubUser.swift */; };
		04736DDC28E9B11200028015 /* API.swift in Sources */ = {isa = PBXBuildFile; fileRef = 04736DDB28E9B11200028015 /* API.swift */; };
/* End PBXBuildFile section */

/* Begin PBXFileReference section */
		0438328B28F95067003E863A /* FormModel.swift */ = {isa = PBXFileReference; lastKnownFileType = sourcecode.swift; path = FormModel.swift; sourceTree = "<group>"; };
		04736DBF28E9AF7D00028015 /* CombineRegisterForm.app */ = {isa = PBXFileReference; explicitFileType = wrapper.application; includeInIndex = 0; path = CombineRegisterForm.app; sourceTree = BUILT_PRODUCTS_DIR; };
		04736DC228E9AF7D00028015 /* AppDelegate.swift */ = {isa = PBXFileReference; lastKnownFileType = sourcecode.swift; path = AppDelegate.swift; sourceTree = "<group>"; };
		04736DC428E9AF7D00028015 /* SceneDelegate.swift */ = {isa = PBXFileReference; lastKnownFileType = sourcecode.swift; path = SceneDelegate.swift; sourceTree = "<group>"; };
		04736DC628E9AF7D00028015 /* ViewController.swift */ = {isa = PBXFileReference; lastKnownFileType = sourcecode.swift; path = ViewController.swift; sourceTree = "<group>"; };
		04736DC928E9AF7D00028015 /* Base */ = {isa = PBXFileReference; lastKnownFileType = file.storyboard; name = Base; path = Base.lproj/Main.storyboard; sourceTree = "<group>"; };
		04736DCB28E9AF8000028015 /* Assets.xcassets */ = {isa = PBXFileReference; lastKnownFileType = folder.assetcatalog; path = Assets.xcassets; sourceTree = "<group>"; };
		04736DCE28E9AF8000028015 /* Base */ = {isa = PBXFileReference; lastKnownFileType = file.storyboard; name = Base; path = Base.lproj/LaunchScreen.storyboard; sourceTree = "<group>"; };
		04736DD028E9AF8000028015 /* Info.plist */ = {isa = PBXFileReference; lastKnownFileType = text.plist.xml; path = Info.plist; sourceTree = "<group>"; };
		04736DD928E9B03E00028015 /* GithubUser.swift */ = {isa = PBXFileReference; lastKnownFileType = sourcecode.swift; path = GithubUser.swift; sourceTree = "<group>"; };
		04736DDB28E9B11200028015 /* API.swift */ = {isa = PBXFileReference; lastKnownFileType = sourcecode.swift; path = API.swift; sourceTree = "<group>"; };
/* End PBXFileReference section */

/* Begin PBXFrameworksBuildPhase section */
		04736DBC28E9AF7D00028015 /* Frameworks */ = {
			isa = PBXFrameworksBuildPhase;
			buildActionMask = 2147483647;
			files = (
			);
			runOnlyForDeploymentPostprocessing = 0;
		};
/* End PBXFrameworksBuildPhase section */

/* Begin PBXGroup section */
		04736DB628E9AF7D00028015 = {
			isa = PBXGroup;
			children = (
				04736DC128E9AF7D00028015 /* CombineRegisterForm */,
				04736DC028E9AF7D00028015 /* Products */,
			);
			sourceTree = "<group>";
		};
		04736DC028E9AF7D00028015 /* Products */ = {
			isa = PBXGroup;
			children = (
				04736DBF28E9AF7D00028015 /* CombineRegisterForm.app */,
			);
			name = Products;
			sourceTree = "<group>";
		};
		04736DC128E9AF7D00028015 /* CombineRegisterForm */ = {
			isa = PBXGroup;
			children = (
				04736DD828E9B00E00028015 /* View */,
				04736DD728E9AFE000028015 /* Network */,
				04736DD628E9AFDA00028015 /* Model */,
				04736DC228E9AF7D00028015 /* AppDelegate.swift */,
				04736DC428E9AF7D00028015 /* SceneDelegate.swift */,
				04736DCB28E9AF8000028015 /* Assets.xcassets */,
				04736DCD28E9AF8000028015 /* LaunchScreen.storyboard */,
				04736DD028E9AF8000028015 /* Info.plist */,
			);
			path = CombineRegisterForm;
			sourceTree = "<group>";
		};
		04736DD628E9AFDA00028015 /* Model */ = {
			isa = PBXGroup;
			children = (
				04736DD928E9B03E00028015 /* GithubUser.swift */,
				0438328B28F95067003E863A /* FormModel.swift */,
			);
			path = Model;
			sourceTree = "<group>";
		};
		04736DD728E9AFE000028015 /* Network */ = {
			isa = PBXGroup;
			children = (
				04736DDB28E9B11200028015 /* API.swift */,
			);
			path = Network;
			sourceTree = "<group>";
		};
		04736DD828E9B00E00028015 /* View */ = {
			isa = PBXGroup;
			children = (
				04736DC628E9AF7D00028015 /* ViewController.swift */,
				04736DC828E9AF7D00028015 /* Main.storyboard */,
			);
			path = View;
			sourceTree = "<group>";
		};
/* End PBXGroup section */

/* Begin PBXNativeTarget section */
		04736DBE28E9AF7D00028015 /* CombineRegisterForm */ = {
			isa = PBXNativeTarget;
			buildConfigurationList = 04736DD328E9AF8000028015 /* Build configuration list for PBXNativeTarget "CombineRegisterForm" */;
			buildPhases = (
				04736DBB28E9AF7D00028015 /* Sources */,
				04736DBC28E9AF7D00028015 /* Frameworks */,
				04736DBD28E9AF7D00028015 /* Resources */,
			);
			buildRules = (
			);
			dependencies = (
			);
			name = CombineRegisterForm;
			productName = CombineRegisterForm;
			productReference = 04736DBF28E9AF7D00028015 /* CombineRegisterForm.app */;
			productType = "com.apple.product-type.application";
		};
/* End PBXNativeTarget section */

/* Begin PBXProject section */
		04736DB728E9AF7D00028015 /* Project object */ = {
			isa = PBXProject;
			attributes = {
				BuildIndependentTargetsInParallel = 1;
				LastSwiftUpdateCheck = 1400;
				LastUpgradeCheck = 1400;
				TargetAttributes = {
					04736DBE28E9AF7D00028015 = {
						CreatedOnToolsVersion = 14.0;
					};
				};
			};
			buildConfigurationList = 04736DBA28E9AF7D00028015 /* Build configuration list for PBXProject "CombineRegisterForm" */;
			compatibilityVersion = "Xcode 14.0";
			developmentRegion = en;
			hasScannedForEncodings = 0;
			knownRegions = (
				en,
				Base,
			);
			mainGroup = 04736DB628E9AF7D00028015;
			productRefGroup = 04736DC028E9AF7D00028015 /* Products */;
			projectDirPath = "";
			projectRoot = "";
			targets = (
				04736DBE28E9AF7D00028015 /* CombineRegisterForm */,
			);
		};
/* End PBXProject section */

/* Begin PBXResourcesBuildPhase section */
		04736DBD28E9AF7D00028015 /* Resources */ = {
			isa = PBXResourcesBuildPhase;
			buildActionMask = 2147483647;
			files = (
				04736DCF28E9AF8000028015 /* LaunchScreen.storyboard in Resources */,
				04736DCC28E9AF8000028015 /* Assets.xcassets in Resources */,
				04736DCA28E9AF7D00028015 /* Main.storyboard in Resources */,
			);
			runOnlyForDeploymentPostprocessing = 0;
		};
/* End PBXResourcesBuildPhase section */

/* Begin PBXSourcesBuildPhase section */
		04736DBB28E9AF7D00028015 /* Sources */ = {
			isa = PBXSourcesBuildPhase;
			buildActionMask = 2147483647;
			files = (
				04736DC728E9AF7D00028015 /* ViewController.swift in Sources */,
				04736DDA28E9B03E00028015 /* GithubUser.swift in Sources */,
				04736DC328E9AF7D00028015 /* AppDelegate.swift in Sources */,
				0438328C28F95067003E863A /* FormModel.swift in Sources */,
				04736DC528E9AF7D00028015 /* SceneDelegate.swift in Sources */,
				04736DDC28E9B11200028015 /* API.swift in Sources */,
			);
			runOnlyForDeploymentPostprocessing = 0;
		};
/* End PBXSourcesBuildPhase section */

/* Begin PBXVariantGroup section */
		04736DC828E9AF7D00028015 /* Main.storyboard */ = {
			isa = PBXVariantGroup;
			children = (
				04736DC928E9AF7D00028015 /* Base */,
			);
			name = Main.storyboard;
			sourceTree = "<group>";
		};
		04736DCD28E9AF8000028015 /* LaunchScreen.storyboard */ = {
			isa = PBXVariantGroup;
			children = (
				04736DCE28E9AF8000028015 /* Base */,
			);
			name = LaunchScreen.storyboard;
			sourceTree = "<group>";
		};
/* End PBXVariantGroup section */

/* Begin XCBuildConfiguration section */
		04736DD128E9AF8000028015 /* Debug */ = {
			isa = XCBuildConfiguration;
			buildSettings = {
				ALWAYS_SEARCH_USER_PATHS = NO;
				CLANG_ANALYZER_NONNULL = YES;
				CLANG_ANALYZER_NUMBER_OBJECT_CONVERSION = YES_AGGRESSIVE;
				CLANG_CXX_LANGUAGE_STANDARD = "gnu++20";
				CLANG_ENABLE_MODULES = YES;
				CLANG_ENABLE_OBJC_ARC = YES;
				CLANG_ENABLE_OBJC_WEAK = YES;
				CLANG_WARN_BLOCK_CAPTURE_AUTORELEASING = YES;
				CLANG_WARN_BOOL_CONVERSION = YES;
				CLANG_WARN_COMMA = YES;
				CLANG_WARN_CONSTANT_CONVERSION = YES;
				CLANG_WARN_DEPRECATED_OBJC_IMPLEMENTATIONS = YES;
				CLANG_WARN_DIRECT_OBJC_ISA_USAGE = YES_ERROR;
				CLANG_WARN_DOCUMENTATION_COMMENTS = YES;
				CLANG_WARN_EMPTY_BODY = YES;
				CLANG_WARN_ENUM_CONVERSION = YES;
				CLANG_WARN_INFINITE_RECURSION = YES;
				CLANG_WARN_INT_CONVERSION = YES;
				CLANG_WARN_NON_LITERAL_NULL_CONVERSION = YES;
				CLANG_WARN_OBJC_IMPLICIT_RETAIN_SELF = YES;
				CLANG_WARN_OBJC_LITERAL_CONVERSION = YES;
				CLANG_WARN_OBJC_ROOT_CLASS = YES_ERROR;
				CLANG_WARN_QUOTED_INCLUDE_IN_FRAMEWORK_HEADER = YES;
				CLANG_WARN_RANGE_LOOP_ANALYSIS = YES;
				CLANG_WARN_STRICT_PROTOTYPES = YES;
				CLANG_WARN_SUSPICIOUS_MOVE = YES;
				CLANG_WARN_UNGUARDED_AVAILABILITY = YES_AGGRESSIVE;
				CLANG_WARN_UNREACHABLE_CODE = YES;
				CLANG_WARN__DUPLICATE_METHOD_MATCH = YES;
				COPY_PHASE_STRIP = NO;
				DEBUG_INFORMATION_FORMAT = dwarf;
				ENABLE_STRICT_OBJC_MSGSEND = YES;
				ENABLE_TESTABILITY = YES;
				GCC_C_LANGUAGE_STANDARD = gnu11;
				GCC_DYNAMIC_NO_PIC = NO;
				GCC_NO_COMMON_BLOCKS = YES;
				GCC_OPTIMIZATION_LEVEL = 0;
				GCC_PREPROCESSOR_DEFINITIONS = (
					"DEBUG=1",
					"$(inherited)",
				);
				GCC_WARN_64_TO_32_BIT_CONVERSION = YES;
				GCC_WARN_ABOUT_RETURN_TYPE = YES_ERROR;
				GCC_WARN_UNDECLARED_SELECTOR = YES;
				GCC_WARN_UNINITIALIZED_AUTOS = YES_AGGRESSIVE;
				GCC_WARN_UNUSED_FUNCTION = YES;
				GCC_WARN_UNUSED_VARIABLE = YES;
				IPHONEOS_DEPLOYMENT_TARGET = 16.0;
				MTL_ENABLE_DEBUG_INFO = INCLUDE_SOURCE;
				MTL_FAST_MATH = YES;
				ONLY_ACTIVE_ARCH = YES;
				SDKROOT = iphoneos;
				SWIFT_ACTIVE_COMPILATION_CONDITIONS = DEBUG;
				SWIFT_OPTIMIZATION_LEVEL = "-Onone";
			};
			name = Debug;
		};
		04736DD228E9AF8000028015 /* Release */ = {
			isa = XCBuildConfiguration;
			buildSettings = {
				ALWAYS_SEARCH_USER_PATHS = NO;
				CLANG_ANALYZER_NONNULL = YES;
				CLANG_ANALYZER_NUMBER_OBJECT_CONVERSION = YES_AGGRESSIVE;
				CLANG_CXX_LANGUAGE_STANDARD = "gnu++20";
				CLANG_ENABLE_MODULES = YES;
				CLANG_ENABLE_OBJC_ARC = YES;
				CLANG_ENABLE_OBJC_WEAK = YES;
				CLANG_WARN_BLOCK_CAPTURE_AUTORELEASING = YES;
				CLANG_WARN_BOOL_CONVERSION = YES;
				CLANG_WARN_COMMA = YES;
				CLANG_WARN_CONSTANT_CONVERSION = YES;
				CLANG_WARN_DEPRECATED_OBJC_IMPLEMENTATIONS = YES;
				CLANG_WARN_DIRECT_OBJC_ISA_USAGE = YES_ERROR;
				CLANG_WARN_DOCUMENTATION_COMMENTS = YES;
				CLANG_WARN_EMPTY_BODY = YES;
				CLANG_WARN_ENUM_CONVERSION = YES;
				CLANG_WARN_INFINITE_RECURSION = YES;
				CLANG_WARN_INT_CONVERSION = YES;
				CLANG_WARN_NON_LITERAL_NULL_CONVERSION = YES;
				CLANG_WARN_OBJC_IMPLICIT_RETAIN_SELF = YES;
				CLANG_WARN_OBJC_LITERAL_CONVERSION = YES;
				CLANG_WARN_OBJC_ROOT_CLASS = YES_ERROR;
				CLANG_WARN_QUOTED_INCLUDE_IN_FRAMEWORK_HEADER = YES;
				CLANG_WARN_RANGE_LOOP_ANALYSIS = YES;
				CLANG_WARN_STRICT_PROTOTYPES = YES;
				CLANG_WARN_SUSPICIOUS_MOVE = YES;
				CLANG_WARN_UNGUARDED_AVAILABILITY = YES_AGGRESSIVE;
				CLANG_WARN_UNREACHABLE_CODE = YES;
				CLANG_WARN__DUPLICATE_METHOD_MATCH = YES;
				COPY_PHASE_STRIP = NO;
				DEBUG_INFORMATION_FORMAT = "dwarf-with-dsym";
				ENABLE_NS_ASSERTIONS = NO;
				ENABLE_STRICT_OBJC_MSGSEND = YES;
				GCC_C_LANGUAGE_STANDARD = gnu11;
				GCC_NO_COMMON_BLOCKS = YES;
				GCC_WARN_64_TO_32_BIT_CONVERSION = YES;
				GCC_WARN_ABOUT_RETURN_TYPE = YES_ERROR;
				GCC_WARN_UNDECLARED_SELECTOR = YES;
				GCC_WARN_UNINITIALIZED_AUTOS = YES_AGGRESSIVE;
				GCC_WARN_UNUSED_FUNCTION = YES;
				GCC_WARN_UNUSED_VARIABLE = YES;
				IPHONEOS_DEPLOYMENT_TARGET = 16.0;
				MTL_ENABLE_DEBUG_INFO = NO;
				MTL_FAST_MATH = YES;
				SDKROOT = iphoneos;
				SWIFT_COMPILATION_MODE = wholemodule;
				SWIFT_OPTIMIZATION_LEVEL = "-O";
				VALIDATE_PRODUCT = YES;
			};
			name = Release;
		};
		04736DD428E9AF8000028015 /* Debug */ = {
			isa = XCBuildConfiguration;
			buildSettings = {
				ASSETCATALOG_COMPILER_APPICON_NAME = AppIcon;
				ASSETCATALOG_COMPILER_GLOBAL_ACCENT_COLOR_NAME = AccentColor;
				CODE_SIGN_STYLE = Automatic;
				CURRENT_PROJECT_VERSION = 1;
				GENERATE_INFOPLIST_FILE = YES;
				INFOPLIST_FILE = CombineRegisterForm/Info.plist;
				INFOPLIST_KEY_UIApplicationSupportsIndirectInputEvents = YES;
				INFOPLIST_KEY_UILaunchStoryboardName = LaunchScreen;
				INFOPLIST_KEY_UIMainStoryboardFile = Main;
				INFOPLIST_KEY_UISupportedInterfaceOrientations_iPad = "UIInterfaceOrientationPortrait UIInterfaceOrientationPortraitUpsideDown UIInterfaceOrientationLandscapeLeft UIInterfaceOrientationLandscapeRight";
				INFOPLIST_KEY_UISupportedInterfaceOrientations_iPhone = "UIInterfaceOrientationPortrait UIInterfaceOrientationLandscapeLeft UIInterfaceOrientationLandscapeRight";
				LD_RUNPATH_SEARCH_PATHS = (
					"$(inherited)",
					"@executable_path/Frameworks",
				);
				MARKETING_VERSION = 1.0;
				PRODUCT_BUNDLE_IDENTIFIER = com.zzmasoud.CombineRegisterForm;
				PRODUCT_NAME = "$(TARGET_NAME)";
				SWIFT_EMIT_LOC_STRINGS = YES;
				SWIFT_VERSION = 5.0;
				TARGETED_DEVICE_FAMILY = "1,2";
			};
			name = Debug;
		};
		04736DD528E9AF8000028015 /* Release */ = {
			isa = XCBuildConfiguration;
			buildSettings = {
				ASSETCATALOG_COMPILER_APPICON_NAME = AppIcon;
				ASSETCATALOG_COMPILER_GLOBAL_ACCENT_COLOR_NAME = AccentColor;
				CODE_SIGN_STYLE = Automatic;
				CURRENT_PROJECT_VERSION = 1;
				GENERATE_INFOPLIST_FILE = YES;
				INFOPLIST_FILE = CombineRegisterForm/Info.plist;
				INFOPLIST_KEY_UIApplicationSupportsIndirectInputEvents = YES;
				INFOPLIST_KEY_UILaunchStoryboardName = LaunchScreen;
				INFOPLIST_KEY_UIMainStoryboardFile = Main;
				INFOPLIST_KEY_UISupportedInterfaceOrientations_iPad = "UIInterfaceOrientationPortrait UIInterfaceOrientationPortraitUpsideDown UIInterfaceOrientationLandscapeLeft UIInterfaceOrientationLandscapeRight";
				INFOPLIST_KEY_UISupportedInterfaceOrientations_iPhone = "UIInterfaceOrientationPortrait UIInterfaceOrientationLandscapeLeft UIInterfaceOrientationLandscapeRight";
				LD_RUNPATH_SEARCH_PATHS = (
					"$(inherited)",
					"@executable_path/Frameworks",
				);
				MARKETING_VERSION = 1.0;
				PRODUCT_BUNDLE_IDENTIFIER = com.zzmasoud.CombineRegisterForm;
				PRODUCT_NAME = "$(TARGET_NAME)";
				SWIFT_EMIT_LOC_STRINGS = YES;
				SWIFT_VERSION = 5.0;
				TARGETED_DEVICE_FAMILY = "1,2";
			};
			name = Release;
		};
/* End XCBuildConfiguration section */

/* Begin XCConfigurationList section */
		04736DBA28E9AF7D00028015 /* Build configuration list for PBXProject "CombineRegisterForm" */ = {
			isa = XCConfigurationList;
			buildConfigurations = (
				04736DD128E9AF8000028015 /* Debug */,
				04736DD228E9AF8000028015 /* Release */,
			);
			defaultConfigurationIsVisible = 0;
			defaultConfigurationName = Release;
		};
		04736DD328E9AF8000028015 /* Build configuration list for PBXNativeTarget "CombineRegisterForm" */ = {
			isa = XCConfigurationList;
			buildConfigurations = (
				04736DD428E9AF8000028015 /* Debug */,
				04736DD528E9AF8000028015 /* Release */,
			);
			defaultConfigurationIsVisible = 0;
			defaultConfigurationName = Release;
		};
/* End XCConfigurationList section */
	};
	rootObject = 04736DB728E9AF7D00028015 /* Project object */;
}
